<?xml version="1.0" encoding="utf-8"?>
<Project ToolsVersion="4.0" xmlns="http://schemas.microsoft.com/developer/msbuild/2003">
  <ItemGroup>
    <Filter Include="Source Files">
      <UniqueIdentifier>{4FC737F1-C7A5-4376-A066-2A32D752A2FF}</UniqueIdentifier>
      <Extensions>cpp;c;cc;cxx;c++;cppm;ixx;def;odl;idl;hpj;bat;asm;asmx</Extensions>
    </Filter>
    <Filter Include="Header Files">
      <UniqueIdentifier>{93995380-89BD-4b04-88EB-625FBE52EBFB}</UniqueIdentifier>
      <Extensions>h;hh;hpp;hxx;h++;hm;inl;inc;ipp;xsd</Extensions>
    </Filter>
    <Filter Include="Resource Files">
      <UniqueIdentifier>{67DA6AB6-F800-4c08-8B7A-83BB121AAD01}</UniqueIdentifier>
      <Extensions>rc;ico;cur;bmp;dlg;rc2;rct;bin;rgs;gif;jpg;jpeg;jpe;resx;tiff;tif;png;wav;mfcribbon-ms</Extensions>
    </Filter>
    <Filter Include="Header Files\Business">
      <UniqueIdentifier>{5722a28a-6220-4984-a3a8-c01298ec89ad}</UniqueIdentifier>
    </Filter>
    <Filter Include="Header Files\enum">
      <UniqueIdentifier>{23d253cb-8efe-4627-a276-44f7d2c1b2e6}</UniqueIdentifier>
    </Filter>
    <Filter Include="Header Files\DIO">
      <UniqueIdentifier>{f8844375-7468-4a88-b4f8-d25798b2b4d8}</UniqueIdentifier>
    </Filter>
    <Filter Include="Header Files\Utils">
      <UniqueIdentifier>{11bb47fa-6628-4f6e-8211-68de14541848}</UniqueIdentifier>
    </Filter>
    <Filter Include="Source Files\DIO">
      <UniqueIdentifier>{6450c35c-d318-4934-83c2-7dd4dc956ca0}</UniqueIdentifier>
    </Filter>
    <Filter Include="Source Files\Business">
      <UniqueIdentifier>{64ef7672-cdc6-4c7b-88b6-e43b9481d69d}</UniqueIdentifier>
    </Filter>
    <Filter Include="Source Files\Utils">
      <UniqueIdentifier>{d8f902c4-700f-42dc-80a1-8704f87643bd}</UniqueIdentifier>
    </Filter>
  </ItemGroup>
  <ItemGroup>
    <ClCompile Include="Main.cpp">
      <Filter>Source Files</Filter>
    </ClCompile>
    <ClCompile Include="Address_Generator.cpp">
      <Filter>Source Files\Business</Filter>
    </ClCompile>
    <ClCompile Include="StudentData_Generator.cpp">
      <Filter>Source Files\Business</Filter>
    </ClCompile>
    <ClCompile Include="Date_Generator.cpp">
      <Filter>Source Files\Business</Filter>
    </ClCompile>
    <ClCompile Include="FullName_Generator.cpp">
      <Filter>Source Files\Business</Filter>
    </ClCompile>
    <ClCompile Include="Student_Data.cpp">
      <Filter>Source Files\DIO</Filter>
    </ClCompile>
    <ClCompile Include="Utils.cpp">
      <Filter>Source Files\Utils</Filter>
    </ClCompile>
  </ItemGroup>
  <ItemGroup>
    <ClInclude Include="Major.h">
      <Filter>Header Files\enum</Filter>
    </ClInclude>
    <ClInclude Include="Student_Data.h">
      <Filter>Header Files\DIO</Filter>
    </ClInclude>
    <ClInclude Include="Utils.h">
      <Filter>Header Files\Utils</Filter>
    </ClInclude>
    <ClInclude Include="StudentData_Generator.h">
      <Filter>Header Files\Business</Filter>
    </ClInclude>
    <ClInclude Include="FullName_Generator.h">
      <Filter>Header Files\Business</Filter>
    </ClInclude>
    <ClInclude Include="Date_Generator.h">
      <Filter>Header Files\Business</Filter>
    </ClInclude>
    <ClInclude Include="Address_Generator.h">
      <Filter>Header Files\Business</Filter>
    </ClInclude>
  </ItemGroup>
</Project>